
Microsoft Visual Studio Solution File, Format Version 12.00
# Visual Studio Version 17
VisualStudioVersion = 17.8.34511.84
MinimumVisualStudioVersion = 10.0.40219.1
Project("{FAE04EC0-301F-11D3-BF4B-00C04F79EFBC}") = "Tienda", "Tienda\Tienda.csproj", "{93152AE7-A266-4FA5-BE8D-419DFDEFC8DB}"
EndProject
Project("{FAE04EC0-301F-11D3-BF4B-00C04F79EFBC}") = "Manejador", "Manejador\Manejador.csproj", "{F7898270-E1E2-48D5-922A-2EAD2014CAAC}"
EndProject
Project("{FAE04EC0-301F-11D3-BF4B-00C04F79EFBC}") = "AccesoDatos", "AccesoDatos\AccesoDatos.csproj", "{7C25A511-B2D8-469A-9904-84B6FEF26E25}"
EndProject
Global
	GlobalSection(SolutionConfigurationPlatforms) = preSolution
		Debug|Any CPU = Debug|Any CPU
		Release|Any CPU = Release|Any CPU
	EndGlobalSection
	GlobalSection(ProjectConfigurationPlatforms) = postSolution
		{93152AE7-A266-4FA5-BE8D-419DFDEFC8DB}.Debug|Any CPU.ActiveCfg = Debug|Any CPU
		{93152AE7-A266-4FA5-BE8D-419DFDEFC8DB}.Debug|Any CPU.Build.0 = Debug|Any CPU
		{93152AE7-A266-4FA5-BE8D-419DFDEFC8DB}.Release|Any CPU.ActiveCfg = Release|Any CPU
		{93152AE7-A266-4FA5-BE8D-419DFDEFC8DB}.Release|Any CPU.Build.0 = Release|Any CPU
		{F7898270-E1E2-48D5-922A-2EAD2014CAAC}.Debug|Any CPU.ActiveCfg = Debug|Any CPU
		{F7898270-E1E2-48D5-922A-2EAD2014CAAC}.Debug|Any CPU.Build.0 = Debug|Any CPU
		{F7898270-E1E2-48D5-922A-2EAD2014CAAC}.Release|Any CPU.ActiveCfg = Release|Any CPU
		{F7898270-E1E2-48D5-922A-2EAD2014CAAC}.Release|Any CPU.Build.0 = Release|Any CPU
		{7C25A511-B2D8-469A-9904-84B6FEF26E25}.Debug|Any CPU.ActiveCfg = Debug|Any CPU
		{7C25A511-B2D8-469A-9904-84B6FEF26E25}.Debug|Any CPU.Build.0 = Debug|Any CPU
		{7C25A511-B2D8-469A-9904-84B6FEF26E25}.Release|Any CPU.ActiveCfg = Release|Any CPU
		{7C25A511-B2D8-469A-9904-84B6FEF26E25}.Release|Any CPU.Build.0 = Release|Any CPU
	EndGlobalSection
	GlobalSection(SolutionProperties) = preSolution
		HideSolutionNode = FALSE
	EndGlobalSection
	GlobalSection(ExtensibilityGlobals) = postSolution
		SolutionGuid = {EFF895C3-8E1D-44F9-B003-92DA540E8D95}
	EndGlobalSection
EndGlobal
